
Microsoft Visual Studio Solution File, Format Version 12.00
# Visual Studio Version 16
VisualStudioVersion = 16.0.31424.327
MinimumVisualStudioVersion = 10.0.40219.1
Project("{FAE04EC0-301F-11D3-BF4B-00C04F79EFBC}") = "PaymentAPI", "PaymentAPI\PaymentAPI.csproj", "{390F1E52-DAB9-4332-B0ED-F28A60FEBF0E}"
EndProject
Global
	GlobalSection(SolutionConfigurationPlatforms) = preSolution
		Debug|Any CPU = Debug|Any CPU
		Release|Any CPU = Release|Any CPU
	EndGlobalSection
	GlobalSection(ProjectConfigurationPlatforms) = postSolution
		{390F1E52-DAB9-4332-B0ED-F28A60FEBF0E}.Debug|Any CPU.ActiveCfg = Debug|Any CPU
		{390F1E52-DAB9-4332-B0ED-F28A60FEBF0E}.Debug|Any CPU.Build.0 = Debug|Any CPU
		{390F1E52-DAB9-4332-B0ED-F28A60FEBF0E}.Release|Any CPU.ActiveCfg = Release|Any CPU
		{390F1E52-DAB9-4332-B0ED-F28A60FEBF0E}.Release|Any CPU.Build.0 = Release|Any CPU
	EndGlobalSection
	GlobalSection(SolutionProperties) = preSolution
		HideSolutionNode = FALSE
	EndGlobalSection
	GlobalSection(ExtensibilityGlobals) = postSolution
		SolutionGuid = {F93341AF-9E5C-4202-BB8B-8780C3A79A55}
	EndGlobalSection
EndGlobal
